<?xml version="1.0" encoding="utf-8"?>
<Project ToolsVersion="4.0" xmlns="http://schemas.microsoft.com/developer/msbuild/2003">
  <ItemGroup>
    <Filter Include="源文件">
      <UniqueIdentifier>{4FC737F1-C7A5-4376-A066-2A32D752A2FF}</UniqueIdentifier>
      <Extensions>cpp;c;cc;cxx;def;odl;idl;hpj;bat;asm;asmx</Extensions>
    </Filter>
    <Filter Include="头文件">
      <UniqueIdentifier>{93995380-89BD-4b04-88EB-625FBE52EBFB}</UniqueIdentifier>
      <Extensions>h;hh;hpp;hxx;hm;inl;inc;ipp;xsd</Extensions>
    </Filter>
    <Filter Include="资源文件">
      <UniqueIdentifier>{67DA6AB6-F800-4c08-8B7A-83BB121AAD01}</UniqueIdentifier>
      <Extensions>rc;ico;cur;bmp;dlg;rc2;rct;bin;rgs;gif;jpg;jpeg;jpe;resx;tiff;tif;png;wav;mfcribbon-ms</Extensions>
    </Filter>
    <Filter Include="项目成员文件夹">
      <UniqueIdentifier>{43de2cc3-8949-484e-b9f2-0db374d32132}</UniqueIdentifier>
    </Filter>
    <Filter Include="项目成员文件夹\苏琥元">
      <UniqueIdentifier>{b3808ed6-7e98-44d9-abd9-73b88135900f}</UniqueIdentifier>
    </Filter>
    <Filter Include="项目成员文件夹\高雅">
      <UniqueIdentifier>{99cc06da-0e26-4e87-bb4c-242f9f9b1340}</UniqueIdentifier>
    </Filter>
    <Filter Include="项目成员文件夹\周宗宇">
      <UniqueIdentifier>{6d4fc72b-808e-4c4b-a565-796bf3e7219a}</UniqueIdentifier>
    </Filter>
    <Filter Include="项目成员文件夹\张衍希">
      <UniqueIdentifier>{c926cdc1-ce36-4f88-bddf-ae21ea715836}</UniqueIdentifier>
    </Filter>
    <Filter Include="项目成员文件夹\孙文科">
      <UniqueIdentifier>{21a10a95-aade-41b9-8e53-70761a7b97f6}</UniqueIdentifier>
    </Filter>
    <Filter Include="项目成员文件夹\温奇凡">
      <UniqueIdentifier>{d6319e72-8418-40e7-8927-a449fb49925d}</UniqueIdentifier>
    </Filter>
    <Filter Include="项目成员文件夹\张淇">
      <UniqueIdentifier>{ba7cce7e-dcea-4aa2-8ef6-818986ac4afd}</UniqueIdentifier>
    </Filter>
    <Filter Include="项目成员文件夹\闫彩东">
      <UniqueIdentifier>{1495061c-fc09-4824-9e93-8a1d4562594f}</UniqueIdentifier>
    </Filter>
  </ItemGroup>
  <ItemGroup>
    <ClCompile Include="Computer vision course design.cpp">
      <Filter>源文件</Filter>
    </ClCompile>
    <ClCompile Include="苏琥元.cpp">
      <Filter>项目成员文件夹\苏琥元</Filter>
    </ClCompile>
    <ClCompile Include="高雅.cpp">
      <Filter>项目成员文件夹\高雅</Filter>
    </ClCompile>
    <ClCompile Include="周宗宇.cpp">
      <Filter>项目成员文件夹\周宗宇</Filter>
    </ClCompile>
    <ClCompile Include="张衍希.cpp">
      <Filter>项目成员文件夹\张衍希</Filter>
    </ClCompile>
    <ClCompile Include="孙文科.cpp">
      <Filter>项目成员文件夹\孙文科</Filter>
    </ClCompile>
    <ClCompile Include="张淇.cpp">
      <Filter>项目成员文件夹\张淇</Filter>
    </ClCompile>
    <ClCompile Include="闫彩东.cpp">
      <Filter>项目成员文件夹\闫彩东</Filter>
    </ClCompile>
  </ItemGroup>
  <ItemGroup>
    <ClInclude Include="Head.h">
      <Filter>头文件</Filter>
    </ClInclude>
    <ClInclude Include="ConnectList.h">
      <Filter>头文件</Filter>
    </ClInclude>
    <ClInclude Include="苏琥元.h">
      <Filter>项目成员文件夹\苏琥元</Filter>
    </ClInclude>
    <ClInclude Include="高雅.h">
      <Filter>项目成员文件夹\高雅</Filter>
    </ClInclude>
    <ClInclude Include="周宗宇.h">
      <Filter>项目成员文件夹\周宗宇</Filter>
    </ClInclude>
    <ClInclude Include="张衍希.h">
      <Filter>项目成员文件夹\张衍希</Filter>
    </ClInclude>
    <ClInclude Include="孙文科.h">
      <Filter>项目成员文件夹\孙文科</Filter>
    </ClInclude>
    <ClInclude Include="张淇.h">
      <Filter>项目成员文件夹\张淇</Filter>
    </ClInclude>
    <ClInclude Include="闫彩东.h">
      <Filter>项目成员文件夹\闫彩东</Filter>
    </ClInclude>
  </ItemGroup>
  <ItemGroup>
    <Image Include="1.jpg">
      <Filter>资源文件</Filter>
    </Image>
    <Image Include="2.jpg">
      <Filter>资源文件</Filter>
    </Image>
    <Image Include="计算机视觉课程设计.png">
      <Filter>资源文件</Filter>
    </Image>
  </ItemGroup>
</Project>