<?xml version="1.0" encoding="utf-8"?>
<Project ToolsVersion="4.0" xmlns="http://schemas.microsoft.com/developer/msbuild/2003">
  <ItemGroup>
    <Filter Include="源文件">
      <UniqueIdentifier>{4FC737F1-C7A5-4376-A066-2A32D752A2FF}</UniqueIdentifier>
      <Extensions>cpp;c;cc;cxx;def;odl;idl;hpj;bat;asm;asmx</Extensions>
    </Filter>
    <Filter Include="头文件">
      <UniqueIdentifier>{93995380-89BD-4b04-88EB-625FBE52EBFB}</UniqueIdentifier>
      <Extensions>h;hh;hpp;hxx;hm;inl;inc;ipp;xsd</Extensions>
    </Filter>
    <Filter Include="资源文件">
      <UniqueIdentifier>{67DA6AB6-F800-4c08-8B7A-83BB121AAD01}</UniqueIdentifier>
      <Extensions>rc;ico;cur;bmp;dlg;rc2;rct;bin;rgs;gif;jpg;jpeg;jpe;resx;tiff;tif;png;wav;mfcribbon-ms</Extensions>
    </Filter>
    <Filter Include="项目成员文件夹">
      <UniqueIdentifier>{43de2cc3-8949-484e-b9f2-0db374d32132}</UniqueIdentifier>
    </Filter>
    <Filter Include="项目成员文件夹\苏琥元">
      <UniqueIdentifier>{b3808ed6-7e98-44d9-abd9-73b88135900f}</UniqueIdentifier>
    </Filter>
    <Filter Include="项目成员文件夹\高雅">
      <UniqueIdentifier>{99cc06da-0e26-4e87-bb4c-242f9f9b1340}</UniqueIdentifier>
    </Filter>
  </ItemGroup>
  <ItemGroup>
    <ClCompile Include="Computer vision course design.cpp">
      <Filter>源文件</Filter>
    </ClCompile>
    <ClCompile Include="苏琥元.cpp">
      <Filter>项目成员文件夹\苏琥元</Filter>
    </ClCompile>
    <ClCompile Include="高雅.cpp">
      <Filter>项目成员文件夹\高雅</Filter>
    </ClCompile>
  </ItemGroup>
  <ItemGroup>
    <ClInclude Include="Head.h">
      <Filter>头文件</Filter>
    </ClInclude>
    <ClInclude Include="ConnectList.h">
      <Filter>头文件</Filter>
    </ClInclude>
    <ClInclude Include="苏琥元.h">
      <Filter>项目成员文件夹\苏琥元</Filter>
    </ClInclude>
    <ClInclude Include="高雅.h">
      <Filter>项目成员文件夹\高雅</Filter>
    </ClInclude>
  </ItemGroup>
  <ItemGroup>
    <Image Include="1.jpg">
      <Filter>资源文件</Filter>
    </Image>
    <Image Include="2.jpg">
      <Filter>资源文件</Filter>
    </Image>
    <Image Include="计算机视觉课程设计.png">
      <Filter>资源文件</Filter>
    </Image>
  </ItemGroup>
</Project>